{
  "name": "aws-amplify-backend",
  "lockfileVersion": 3,
  "requires": true,
  "packages": {
    "": {
      "name": "aws-amplify-backend",
      "devDependencies": {
        "@aws-amplify/type-beast": "file:../@aws-amplify/type-beast"
      },
      "peerDependencies": {
        "@aws-amplify/type-beast": "file:../@aws-amplify/type-beast"
      },
      "peerDependenciesMeta": {
        "@aws-amplify/type-beast": {
          "optional": true
        }
      }
    },
    "../@aws-amplify/type-beast": {
      "dev": true
    },
    "node_modules/@aws-amplify/type-beast": {
      "resolved": "../@aws-amplify/type-beast",
      "link": true
    }
  }
}
