{
  "name": "example-only-backend",
  "version": "0.1.0",
  "lockfileVersion": 3,
  "requires": true,
  "packages": {
    "": {
      "name": "example-only-backend",
      "version": "0.1.0",
      "devDependencies": {
        "aws-amplify-backend": "file:../@types/aws-amplify-backend"
      }
    },
    "../@types/aws-amplify-backend": {
      "dev": true,
      "devDependencies": {
        "@aws-amplify/type-beast": "file:../@aws-amplify/type-beast"
      },
      "peerDependencies": {
        "@aws-amplify/type-beast": "file:../@aws-amplify/type-beast"
      },
      "peerDependenciesMeta": {
        "@aws-amplify/type-beast": {
          "optional": true
        }
      }
    },
    "node_modules/aws-amplify-backend": {
      "resolved": "../@types/aws-amplify-backend",
      "link": true
    }
  }
}
